
Microsoft Visual Studio Solution File, Format Version 12.00
# Visual Studio Version 17
VisualStudioVersion = 17.6.33829.357
MinimumVisualStudioVersion = 10.0.40219.1
Project("{9A19103F-16F7-4668-BE54-9A1E7A4F7556}") = "Anjo.Android.OneSignal", "Anjo.Android.OneSignal\Anjo.Android.OneSignal.csproj", "{0E7A3380-68F5-4253-984C-3D1C8EF5F3FC}"
EndProject
Project("{FAE04EC0-301F-11D3-BF4B-00C04F79EFBC}") = "Anjo.Android.OneSignal.Core", "Anjo.Android.OneSignal.Core\Anjo.Android.OneSignal.Core.csproj", "{15E21A64-9586-42A8-AA5D-BC1BE362973C}"
EndProject
Project("{FAE04EC0-301F-11D3-BF4B-00C04F79EFBC}") = "Anjo.Android.OneSignal.Location", "Anjo.Android.OneSignal.Location\Anjo.Android.OneSignal.Location.csproj", "{EEDE1CC8-EA66-48D9-8E83-B33D4E168723}"
EndProject
Project("{FAE04EC0-301F-11D3-BF4B-00C04F79EFBC}") = "Anjo.Android.OneSignal.Notifications", "Anjo.Android.OneSignal.Notifications\Anjo.Android.OneSignal.Notifications.csproj", "{82CEA153-914E-4C32-ACAA-942168A7835F}"
EndProject
Project("{FAE04EC0-301F-11D3-BF4B-00C04F79EFBC}") = "Anjo.Android.OneSignal.InAppMessages", "Anjo.Android.OneSignal.InAppMessages\Anjo.Android.OneSignal.InAppMessages.csproj", "{4BAB3604-D4BC-413E-8163-C69F8FD07817}"
EndProject
Global
	GlobalSection(SolutionConfigurationPlatforms) = preSolution
		Debug|Any CPU = Debug|Any CPU
		Release|Any CPU = Release|Any CPU
	EndGlobalSection
	GlobalSection(ProjectConfigurationPlatforms) = postSolution
		{0E7A3380-68F5-4253-984C-3D1C8EF5F3FC}.Debug|Any CPU.ActiveCfg = Debug|Any CPU
		{0E7A3380-68F5-4253-984C-3D1C8EF5F3FC}.Debug|Any CPU.Build.0 = Debug|Any CPU
		{0E7A3380-68F5-4253-984C-3D1C8EF5F3FC}.Release|Any CPU.ActiveCfg = Release|Any CPU
		{0E7A3380-68F5-4253-984C-3D1C8EF5F3FC}.Release|Any CPU.Build.0 = Release|Any CPU
		{15E21A64-9586-42A8-AA5D-BC1BE362973C}.Debug|Any CPU.ActiveCfg = Debug|Any CPU
		{15E21A64-9586-42A8-AA5D-BC1BE362973C}.Debug|Any CPU.Build.0 = Debug|Any CPU
		{15E21A64-9586-42A8-AA5D-BC1BE362973C}.Release|Any CPU.ActiveCfg = Release|Any CPU
		{15E21A64-9586-42A8-AA5D-BC1BE362973C}.Release|Any CPU.Build.0 = Release|Any CPU
		{EEDE1CC8-EA66-48D9-8E83-B33D4E168723}.Debug|Any CPU.ActiveCfg = Debug|Any CPU
		{EEDE1CC8-EA66-48D9-8E83-B33D4E168723}.Debug|Any CPU.Build.0 = Debug|Any CPU
		{EEDE1CC8-EA66-48D9-8E83-B33D4E168723}.Release|Any CPU.ActiveCfg = Release|Any CPU
		{EEDE1CC8-EA66-48D9-8E83-B33D4E168723}.Release|Any CPU.Build.0 = Release|Any CPU
		{82CEA153-914E-4C32-ACAA-942168A7835F}.Debug|Any CPU.ActiveCfg = Debug|Any CPU
		{82CEA153-914E-4C32-ACAA-942168A7835F}.Debug|Any CPU.Build.0 = Debug|Any CPU
		{82CEA153-914E-4C32-ACAA-942168A7835F}.Release|Any CPU.ActiveCfg = Release|Any CPU
		{82CEA153-914E-4C32-ACAA-942168A7835F}.Release|Any CPU.Build.0 = Release|Any CPU
		{4BAB3604-D4BC-413E-8163-C69F8FD07817}.Debug|Any CPU.ActiveCfg = Debug|Any CPU
		{4BAB3604-D4BC-413E-8163-C69F8FD07817}.Debug|Any CPU.Build.0 = Debug|Any CPU
		{4BAB3604-D4BC-413E-8163-C69F8FD07817}.Release|Any CPU.ActiveCfg = Release|Any CPU
		{4BAB3604-D4BC-413E-8163-C69F8FD07817}.Release|Any CPU.Build.0 = Release|Any CPU
	EndGlobalSection
	GlobalSection(SolutionProperties) = preSolution
		HideSolutionNode = FALSE
	EndGlobalSection
	GlobalSection(ExtensibilityGlobals) = postSolution
		SolutionGuid = {B761C79E-7DB9-4345-BA9B-462A34152D17}
	EndGlobalSection
EndGlobal
