
Microsoft Visual Studio Solution File, Format Version 12.00
# Visual Studio Version 17
VisualStudioVersion = 17.6.33829.357
MinimumVisualStudioVersion = 10.0.40219.1
Project("{FAE04EC0-301F-11D3-BF4B-00C04F79EFBC}") = "Anjo.Android.OneSignal", "Anjo.Android.OneSignal\Anjo.Android.OneSignal.csproj", "{0E7A3380-68F5-4253-984C-3D1C8EF5F3FC}"
EndProject
Global
	GlobalSection(SolutionConfigurationPlatforms) = preSolution
		Debug|Any CPU = Debug|Any CPU
		Release|Any CPU = Release|Any CPU
	EndGlobalSection
	GlobalSection(ProjectConfigurationPlatforms) = postSolution
		{0E7A3380-68F5-4253-984C-3D1C8EF5F3FC}.Debug|Any CPU.ActiveCfg = Debug|Any CPU
		{0E7A3380-68F5-4253-984C-3D1C8EF5F3FC}.Debug|Any CPU.Build.0 = Debug|Any CPU
		{0E7A3380-68F5-4253-984C-3D1C8EF5F3FC}.Release|Any CPU.ActiveCfg = Release|Any CPU
		{0E7A3380-68F5-4253-984C-3D1C8EF5F3FC}.Release|Any CPU.Build.0 = Release|Any CPU
	EndGlobalSection
	GlobalSection(SolutionProperties) = preSolution
		HideSolutionNode = FALSE
	EndGlobalSection
	GlobalSection(ExtensibilityGlobals) = postSolution
		SolutionGuid = {B761C79E-7DB9-4345-BA9B-462A34152D17}
	EndGlobalSection
EndGlobal
